// !$*UTF8*$!
{
	archiveVersion = 1;
	classes = {
	};
	objectVersion = 46;
	objects = {

/* Begin PBXBuildFile section */
		CF459ED41C9FAA0700BBD028 /* AppDelegate.swift in Sources */ = {isa = PBXBuildFile; fileRef = CF459ED31C9FAA0700BBD028 /* AppDelegate.swift */; };
		CF459ED61C9FAA0700BBD028 /* ViewController.swift in Sources */ = {isa = PBXBuildFile; fileRef = CF459ED51C9FAA0700BBD028 /* ViewController.swift */; };
		CF459ED91C9FAA0700BBD028 /* Main.storyboard in Resources */ = {isa = PBXBuildFile; fileRef = CF459ED71C9FAA0700BBD028 /* Main.storyboard */; };
		CF459EDB1C9FAA0700BBD028 /* Assets.xcassets in Resources */ = {isa = PBXBuildFile; fileRef = CF459EDA1C9FAA0700BBD028 /* Assets.xcassets */; };
		CF459EDE1C9FAA0700BBD028 /* LaunchScreen.storyboard in Resources */ = {isa = PBXBuildFile; fileRef = CF459EDC1C9FAA0700BBD028 /* LaunchScreen.storyboard */; };
		CF459EE61C9FAA2400BBD028 /* SpriteKit.framework in Frameworks */ = {isa = PBXBuildFile; fileRef = CF459EE51C9FAA2400BBD028 /* SpriteKit.framework */; };
		CF459EE81C9FABB600BBD028 /* GameScene.swift in Sources */ = {isa = PBXBuildFile; fileRef = CF459EE71C9FABB600BBD028 /* GameScene.swift */; };
/* End PBXBuildFile section */

/* Begin PBXFileReference section */
		CF459ED01C9FAA0700BBD028 /* FlappyBird.app */ = {isa = PBXFileReference; explicitFileType = wrapper.application; includeInIndex = 0; path = FlappyBird.app; sourceTree = BUILT_PRODUCTS_DIR; };
		CF459ED31C9FAA0700BBD028 /* AppDelegate.swift */ = {isa = PBXFileReference; lastKnownFileType = sourcecode.swift; path = AppDelegate.swift; sourceTree = "<group>"; };
		CF459ED51C9FAA0700BBD028 /* ViewController.swift */ = {isa = PBXFileReference; lastKnownFileType = sourcecode.swift; path = ViewController.swift; sourceTree = "<group>"; };
		CF459ED81C9FAA0700BBD028 /* Base */ = {isa = PBXFileReference; lastKnownFileType = file.storyboard; name = Base; path = Base.lproj/Main.storyboard; sourceTree = "<group>"; };
		CF459EDA1C9FAA0700BBD028 /* Assets.xcassets */ = {isa = PBXFileReference; lastKnownFileType = folder.assetcatalog; path = Assets.xcassets; sourceTree = "<group>"; };
		CF459EDD1C9FAA0700BBD028 /* Base */ = {isa = PBXFileReference; lastKnownFileType = file.storyboard; name = Base; path = Base.lproj/LaunchScreen.storyboard; sourceTree = "<group>"; };
		CF459EDF1C9FAA0700BBD028 /* Info.plist */ = {isa = PBXFileReference; lastKnownFileType = text.plist.xml; path = Info.plist; sourceTree = "<group>"; };
		CF459EE51C9FAA2400BBD028 /* SpriteKit.framework */ = {isa = PBXFileReference; lastKnownFileType = wrapper.framework; name = SpriteKit.framework; path = System/Library/Frameworks/SpriteKit.framework; sourceTree = SDKROOT; };
		CF459EE71C9FABB600BBD028 /* GameScene.swift */ = {isa = PBXFileReference; fileEncoding = 4; lastKnownFileType = sourcecode.swift; path = GameScene.swift; sourceTree = "<group>"; };
/* End PBXFileReference section */

/* Begin PBXFrameworksBuildPhase section */
		CF459ECD1C9FAA0700BBD028 /* Frameworks */ = {
			isa = PBXFrameworksBuildPhase;
			buildActionMask = 2147483647;
			files = (
				CF459EE61C9FAA2400BBD028 /* SpriteKit.framework in Frameworks */,
			);
			runOnlyForDeploymentPostprocessing = 0;
		};
/* End PBXFrameworksBuildPhase section */

/* Begin PBXGroup section */
		CF459EC71C9FAA0700BBD028 = {
			isa = PBXGroup;
			children = (
				CF459EE51C9FAA2400BBD028 /* SpriteKit.framework */,
				CF459ED21C9FAA0700BBD028 /* FlappyBird */,
				CF459ED11C9FAA0700BBD028 /* Products */,
			);
			sourceTree = "<group>";
		};
		CF459ED11C9FAA0700BBD028 /* Products */ = {
			isa = PBXGroup;
			children = (
				CF459ED01C9FAA0700BBD028 /* FlappyBird.app */,
			);
			name = Products;
			sourceTree = "<group>";
		};
		CF459ED21C9FAA0700BBD028 /* FlappyBird */ = {
			isa = PBXGroup;
			children = (
				CF459ED31C9FAA0700BBD028 /* AppDelegate.swift */,
				CF459EE71C9FABB600BBD028 /* GameScene.swift */,
				CF459ED51C9FAA0700BBD028 /* ViewController.swift */,
				CF459ED71C9FAA0700BBD028 /* Main.storyboard */,
				CF459EDA1C9FAA0700BBD028 /* Assets.xcassets */,
				CF459EDC1C9FAA0700BBD028 /* LaunchScreen.storyboard */,
				CF459EDF1C9FAA0700BBD028 /* Info.plist */,
			);
			path = FlappyBird;
			sourceTree = "<group>";
		};
/* End PBXGroup section */

/* Begin PBXNativeTarget section */
		CF459ECF1C9FAA0700BBD028 /* FlappyBird */ = {
			isa = PBXNativeTarget;
			buildConfigurationList = CF459EE21C9FAA0700BBD028 /* Build configuration list for PBXNativeTarget "FlappyBird" */;
			buildPhases = (
				CF459ECC1C9FAA0700BBD028 /* Sources */,
				CF459ECD1C9FAA0700BBD028 /* Frameworks */,
				CF459ECE1C9FAA0700BBD028 /* Resources */,
			);
			buildRules = (
			);
			dependencies = (
			);
			name = FlappyBird;
			productName = FlappyBird;
			productReference = CF459ED01C9FAA0700BBD028 /* FlappyBird.app */;
			productType = "com.apple.product-type.application";
		};
/* End PBXNativeTarget section */

/* Begin PBXProject section */
		CF459EC81C9FAA0700BBD028 /* Project object */ = {
			isa = PBXProject;
			attributes = {
				LastSwiftUpdateCheck = 0720;
				LastUpgradeCheck = 0720;
				ORGANIZATIONNAME = shunichi.tanaka;
				TargetAttributes = {
					CF459ECF1C9FAA0700BBD028 = {
						CreatedOnToolsVersion = 7.2.1;
					};
				};
			};
			buildConfigurationList = CF459ECB1C9FAA0700BBD028 /* Build configuration list for PBXProject "FlappyBird" */;
			compatibilityVersion = "Xcode 3.2";
			developmentRegion = English;
			hasScannedForEncodings = 0;
			knownRegions = (
				en,
				Base,
			);
			mainGroup = CF459EC71C9FAA0700BBD028;
			productRefGroup = CF459ED11C9FAA0700BBD028 /* Products */;
			projectDirPath = "";
			projectRoot = "";
			targets = (
				CF459ECF1C9FAA0700BBD028 /* FlappyBird */,
			);
		};
/* End PBXProject section */

/* Begin PBXResourcesBuildPhase section */
		CF459ECE1C9FAA0700BBD028 /* Resources */ = {
			isa = PBXResourcesBuildPhase;
			buildActionMask = 2147483647;
			files = (
				CF459EDE1C9FAA0700BBD028 /* LaunchScreen.storyboard in Resources */,
				CF459EDB1C9FAA0700BBD028 /* Assets.xcassets in Resources */,
				CF459ED91C9FAA0700BBD028 /* Main.storyboard in Resources */,
			);
			runOnlyForDeploymentPostprocessing = 0;
		};
/* End PBXResourcesBuildPhase section */

/* Begin PBXSourcesBuildPhase section */
		CF459ECC1C9FAA0700BBD028 /* Sources */ = {
			isa = PBXSourcesBuildPhase;
			buildActionMask = 2147483647;
			files = (
				CF459EE81C9FABB600BBD028 /* GameScene.swift in Sources */,
				CF459ED61C9FAA0700BBD028 /* ViewController.swift in Sources */,
				CF459ED41C9FAA0700BBD028 /* AppDelegate.swift in Sources */,
			);
			runOnlyForDeploymentPostprocessing = 0;
		};
/* End PBXSourcesBuildPhase section */

/* Begin PBXVariantGroup section */
		CF459ED71C9FAA0700BBD028 /* Main.storyboard */ = {
			isa = PBXVariantGroup;
			children = (
				CF459ED81C9FAA0700BBD028 /* Base */,
			);
			name = Main.storyboard;
			sourceTree = "<group>";
		};
		CF459EDC1C9FAA0700BBD028 /* LaunchScreen.storyboard */ = {
			isa = PBXVariantGroup;
			children = (
				CF459EDD1C9FAA0700BBD028 /* Base */,
			);
			name = LaunchScreen.storyboard;
			sourceTree = "<group>";
		};
/* End PBXVariantGroup section */

/* Begin XCBuildConfiguration section */
		CF459EE01C9FAA0700BBD028 /* Debug */ = {
			isa = XCBuildConfiguration;
			buildSettings = {
				ALWAYS_SEARCH_USER_PATHS = NO;
				CLANG_CXX_LANGUAGE_STANDARD = "gnu++0x";
				CLANG_CXX_LIBRARY = "libc++";
				CLANG_ENABLE_MODULES = YES;
				CLANG_ENABLE_OBJC_ARC = YES;
				CLANG_WARN_BOOL_CONVERSION = YES;
				CLANG_WARN_CONSTANT_CONVERSION = YES;
				CLANG_WARN_DIRECT_OBJC_ISA_USAGE = YES_ERROR;
				CLANG_WARN_EMPTY_BODY = YES;
				CLANG_WARN_ENUM_CONVERSION = YES;
				CLANG_WARN_INT_CONVERSION = YES;
				CLANG_WARN_OBJC_ROOT_CLASS = YES_ERROR;
				CLANG_WARN_UNREACHABLE_CODE = YES;
				CLANG_WARN__DUPLICATE_METHOD_MATCH = YES;
				"CODE_SIGN_IDENTITY[sdk=iphoneos*]" = "iPhone Developer";
				COPY_PHASE_STRIP = NO;
				DEBUG_INFORMATION_FORMAT = dwarf;
				ENABLE_STRICT_OBJC_MSGSEND = YES;
				ENABLE_TESTABILITY = YES;
				GCC_C_LANGUAGE_STANDARD = gnu99;
				GCC_DYNAMIC_NO_PIC = NO;
				GCC_NO_COMMON_BLOCKS = YES;
				GCC_OPTIMIZATION_LEVEL = 0;
				GCC_PREPROCESSOR_DEFINITIONS = (
					"DEBUG=1",
					"$(inherited)",
				);
				GCC_WARN_64_TO_32_BIT_CONVERSION = YES;
				GCC_WARN_ABOUT_RETURN_TYPE = YES_ERROR;
				GCC_WARN_UNDECLARED_SELECTOR = YES;
				GCC_WARN_UNINITIALIZED_AUTOS = YES_AGGRESSIVE;
				GCC_WARN_UNUSED_FUNCTION = YES;
				GCC_WARN_UNUSED_VARIABLE = YES;
				IPHONEOS_DEPLOYMENT_TARGET = 9.2;
				MTL_ENABLE_DEBUG_INFO = YES;
				ONLY_ACTIVE_ARCH = YES;
				SDKROOT = iphoneos;
				SWIFT_OPTIMIZATION_LEVEL = "-Onone";
			};
			name = Debug;
		};
		CF459EE11C9FAA0700BBD028 /* Release */ = {
			isa = XCBuildConfiguration;
			buildSettings = {
				ALWAYS_SEARCH_USER_PATHS = NO;
				CLANG_CXX_LANGUAGE_STANDARD = "gnu++0x";
				CLANG_CXX_LIBRARY = "libc++";
				CLANG_ENABLE_MODULES = YES;
				CLANG_ENABLE_OBJC_ARC = YES;
				CLANG_WARN_BOOL_CONVERSION = YES;
				CLANG_WARN_CONSTANT_CONVERSION = YES;
				CLANG_WARN_DIRECT_OBJC_ISA_USAGE = YES_ERROR;
				CLANG_WARN_EMPTY_BODY = YES;
				CLANG_WARN_ENUM_CONVERSION = YES;
				CLANG_WARN_INT_CONVERSION = YES;
				CLANG_WARN_OBJC_ROOT_CLASS = YES_ERROR;
				CLANG_WARN_UNREACHABLE_CODE = YES;
				CLANG_WARN__DUPLICATE_METHOD_MATCH = YES;
				"CODE_SIGN_IDENTITY[sdk=iphoneos*]" = "iPhone Developer";
				COPY_PHASE_STRIP = NO;
				DEBUG_INFORMATION_FORMAT = "dwarf-with-dsym";
				ENABLE_NS_ASSERTIONS = NO;
				ENABLE_STRICT_OBJC_MSGSEND = YES;
				GCC_C_LANGUAGE_STANDARD = gnu99;
				GCC_NO_COMMON_BLOCKS = YES;
				GCC_WARN_64_TO_32_BIT_CONVERSION = YES;
				GCC_WARN_ABOUT_RETURN_TYPE = YES_ERROR;
				GCC_WARN_UNDECLARED_SELECTOR = YES;
				GCC_WARN_UNINITIALIZED_AUTOS = YES_AGGRESSIVE;
				GCC_WARN_UNUSED_FUNCTION = YES;
				GCC_WARN_UNUSED_VARIABLE = YES;
				IPHONEOS_DEPLOYMENT_TARGET = 9.2;
				MTL_ENABLE_DEBUG_INFO = NO;
				SDKROOT = iphoneos;
				VALIDATE_PRODUCT = YES;
			};
			name = Release;
		};
		CF459EE31C9FAA0700BBD028 /* Debug */ = {
			isa = XCBuildConfiguration;
			buildSettings = {
				ASSETCATALOG_COMPILER_APPICON_NAME = AppIcon;
				INFOPLIST_FILE = FlappyBird/Info.plist;
				LD_RUNPATH_SEARCH_PATHS = "$(inherited) @executable_path/Frameworks";
				PRODUCT_BUNDLE_IDENTIFIER = jp.techacademy.shunichi.tanaka.FlappyBird;
				PRODUCT_NAME = "$(TARGET_NAME)";
			};
			name = Debug;
		};
		CF459EE41C9FAA0700BBD028 /* Release */ = {
			isa = XCBuildConfiguration;
			buildSettings = {
				ASSETCATALOG_COMPILER_APPICON_NAME = AppIcon;
				INFOPLIST_FILE = FlappyBird/Info.plist;
				LD_RUNPATH_SEARCH_PATHS = "$(inherited) @executable_path/Frameworks";
				PRODUCT_BUNDLE_IDENTIFIER = jp.techacademy.shunichi.tanaka.FlappyBird;
				PRODUCT_NAME = "$(TARGET_NAME)";
			};
			name = Release;
		};
/* End XCBuildConfiguration section */

/* Begin XCConfigurationList section */
		CF459ECB1C9FAA0700BBD028 /* Build configuration list for PBXProject "FlappyBird" */ = {
			isa = XCConfigurationList;
			buildConfigurations = (
				CF459EE01C9FAA0700BBD028 /* Debug */,
				CF459EE11C9FAA0700BBD028 /* Release */,
			);
			defaultConfigurationIsVisible = 0;
			defaultConfigurationName = Release;
		};
		CF459EE21C9FAA0700BBD028 /* Build configuration list for PBXNativeTarget "FlappyBird" */ = {
			isa = XCConfigurationList;
			buildConfigurations = (
				CF459EE31C9FAA0700BBD028 /* Debug */,
				CF459EE41C9FAA0700BBD028 /* Release */,
			);
			defaultConfigurationIsVisible = 0;
			defaultConfigurationName = Release;
		};
/* End XCConfigurationList section */
	};
	rootObject = CF459EC81C9FAA0700BBD028 /* Project object */;
}
